
Microsoft Visual Studio Solution File, Format Version 12.00
# Visual Studio Version 17
VisualStudioVersion = 17.3.32825.248
MinimumVisualStudioVersion = 10.0.40219.1
Project("{888888A0-9F3D-457C-B088-3A5042F75D52}") = "piqumGames", "piqumGames\piqumGames.pyproj", "{2EDB9828-0321-4A0A-980B-5FC6D432571B}"
EndProject
Global
	GlobalSection(SolutionConfigurationPlatforms) = preSolution
		Debug|Any CPU = Debug|Any CPU
		Release|Any CPU = Release|Any CPU
	EndGlobalSection
	GlobalSection(ProjectConfigurationPlatforms) = postSolution
		{2EDB9828-0321-4A0A-980B-5FC6D432571B}.Debug|Any CPU.ActiveCfg = Debug|Any CPU
		{2EDB9828-0321-4A0A-980B-5FC6D432571B}.Debug|Any CPU.Build.0 = Debug|Any CPU
		{2EDB9828-0321-4A0A-980B-5FC6D432571B}.Release|Any CPU.ActiveCfg = Release|Any CPU
		{2EDB9828-0321-4A0A-980B-5FC6D432571B}.Release|Any CPU.Build.0 = Release|Any CPU
	EndGlobalSection
	GlobalSection(SolutionProperties) = preSolution
		HideSolutionNode = FALSE
	EndGlobalSection
	GlobalSection(ExtensibilityGlobals) = postSolution
		SolutionGuid = {AA885B35-D2C0-4C03-A98A-33B5CB6493F4}
	EndGlobalSection
EndGlobal
